{
    "name": "project-hh.ru-stroitehnika1",
    "version": "1.0.0",
    "lockfileVersion": 3,
    "requires": true,
    "packages": {
        "": {
            "name": "project-hh.ru-stroitehnika1",
            "version": "1.0.0",
            "dependencies": {
                "@fancyapps/ui": "5.0.0",
                "@splidejs/splide": "^1.0.0"
            }
        },
        "node_modules/@fancyapps/ui": {
            "version": "5.0.0",
            "resolved": "https://registry.npmjs.org/@fancyapps/ui/-/ui-5.0.0.tgz",
            "integrity": "sha512-QLQroXJZ+x3r51/LVXkz8JwbD6sFmfc8jC8vkPS75tzmW0DoLkwnFzU43WCEbWo4W6g7X8yj6I2H8KPUHAdr0Q=="
        },
        "node_modules/@splidejs/splide": {
            "version": "1.4.1",
            "resolved": "https://registry.npmjs.org/@splidejs/splide/-/splide-1.4.1.tgz",
            "integrity": "sha512-kkCLnbGPQL5C8iRP2vySEzglTC/hNqaGOVMswZ0A4MYK5rbjpNOfBQ4mXODVCy6mwGc55QGK5DVrtb1hnP4DBw=="
        }
    }
}
